<?xml version="1.0" encoding="utf-8"?>
<Project ToolsVersion="4.0" xmlns="http://schemas.microsoft.com/developer/msbuild/2003">
  <ItemGroup>
    <ClCompile Include="core\colUsers.cpp">
      <Filter>Core</Filter>
    </ClCompile>
    <ClCompile Include="core\DcCommands.cpp">
      <Filter>Core</Filter>
    </ClCompile>
    <ClCompile Include="core\DeFlood.cpp">
      <Filter>Core</Filter>
    </ClCompile>
    <ClCompile Include="core\eventqueue.cpp">
      <Filter>Core</Filter>
    </ClCompile>
    <ClCompile Include="gui.win\LineDialog.cpp">
      <Filter>Gui</Filter>
    </ClCompile>
    <ClCompile Include="gui.win\MainWindow.cpp">
      <Filter>Gui</Filter>
    </ClCompile>
    <ClCompile Include="core\GlobalDataQueue.cpp">
      <Filter>Core</Filter>
    </ClCompile>
    <ClCompile Include="core\hashBanManager.cpp">
      <Filter>Core</Filter>
    </ClCompile>
    <ClCompile Include="core\hashRegManager.cpp">
      <Filter>Core</Filter>
    </ClCompile>
    <ClCompile Include="core\hashUsrManager.cpp">
      <Filter>Core</Filter>
    </ClCompile>
    <ClCompile Include="core\HubCommands.cpp">
      <Filter>Core</Filter>
    </ClCompile>
    <ClCompile Include="core\IP2Country.cpp">
      <Filter>Core</Filter>
    </ClCompile>
    <ClCompile Include="core\LanguageManager.cpp">
      <Filter>Core</Filter>
    </ClCompile>
    <ClCompile Include="core\LuaBanManLib.cpp">
      <Filter>Core</Filter>
    </ClCompile>
    <ClCompile Include="core\LuaCoreLib.cpp">
      <Filter>Core</Filter>
    </ClCompile>
    <ClCompile Include="core\LuaIP2CountryLib.cpp">
      <Filter>Core</Filter>
    </ClCompile>
    <ClCompile Include="core\LuaProfManLib.cpp">
      <Filter>Core</Filter>
    </ClCompile>
    <ClCompile Include="core\LuaRegManLib.cpp">
      <Filter>Core</Filter>
    </ClCompile>
    <ClCompile Include="core\LuaScript.cpp">
      <Filter>Core</Filter>
    </ClCompile>
    <ClCompile Include="core\LuaScriptManager.cpp">
      <Filter>Core</Filter>
    </ClCompile>
    <ClCompile Include="core\LuaScriptManLib.cpp">
      <Filter>Core</Filter>
    </ClCompile>
    <ClCompile Include="core\LuaSetManLib.cpp">
      <Filter>Core</Filter>
    </ClCompile>
    <ClCompile Include="core\LuaTmrManLib.cpp">
      <Filter>Core</Filter>
    </ClCompile>
    <ClCompile Include="core\LuaUDPDbgLib.cpp">
      <Filter>Core</Filter>
    </ClCompile>
    <ClCompile Include="gui.win\SettingDialog.cpp">
      <Filter>Gui</Filter>
    </ClCompile>
    <ClCompile Include="gui.win\SettingPage.cpp">
      <Filter>Gui</Filter>
    </ClCompile>
    <ClCompile Include="gui.win\SettingPageBans.cpp">
      <Filter>Gui</Filter>
    </ClCompile>
    <ClCompile Include="gui.win\SettingPageBots.cpp">
      <Filter>Gui</Filter>
    </ClCompile>
    <ClCompile Include="gui.win\SettingPageGeneral.cpp">
      <Filter>Gui</Filter>
    </ClCompile>
    <ClCompile Include="gui.win\SettingPageGeneral2.cpp">
      <Filter>Gui</Filter>
    </ClCompile>
    <ClCompile Include="gui.win\SettingPageMOTD.cpp">
      <Filter>Gui</Filter>
    </ClCompile>
    <ClCompile Include="gui.win\PtokaX.cpp">
      <Filter>Gui</Filter>
    </ClCompile>
    <ClCompile Include="core\ProfileManager.cpp">
      <Filter>Core</Filter>
    </ClCompile>
    <ClCompile Include="core\pxstring.cpp">
      <Filter>Core</Filter>
    </ClCompile>
    <ClCompile Include="core\RegThread.cpp">
      <Filter>Core</Filter>
    </ClCompile>
    <ClCompile Include="core\ResNickManager.cpp">
      <Filter>Core</Filter>
    </ClCompile>
    <ClCompile Include="core\ServerManager.cpp">
      <Filter>Core</Filter>
    </ClCompile>
    <ClCompile Include="core\ServerThread.cpp">
      <Filter>Core</Filter>
    </ClCompile>
    <ClCompile Include="core\serviceLoop.cpp">
      <Filter>Core</Filter>
    </ClCompile>
    <ClCompile Include="core\SettingManager.cpp">
      <Filter>Core</Filter>
    </ClCompile>
    <ClCompile Include="core\TextFileManager.cpp">
      <Filter>Core</Filter>
    </ClCompile>
    <ClCompile Include="core\UdpDebug.cpp">
      <Filter>Core</Filter>
    </ClCompile>
    <ClCompile Include="core\UDPThread.cpp">
      <Filter>Core</Filter>
    </ClCompile>
    <ClCompile Include="core\User.cpp">
      <Filter>Core</Filter>
    </ClCompile>
    <ClCompile Include="core\utility.cpp">
      <Filter>Core</Filter>
    </ClCompile>
    <ClCompile Include="core\ZlibUtility.cpp">
      <Filter>Core</Filter>
    </ClCompile>
    <ClCompile Include="gui.win\SettingPageAdvanced.cpp">
      <Filter>Gui</Filter>
    </ClCompile>
    <ClCompile Include="gui.win\SettingPageMyINFO.cpp">
      <Filter>Gui</Filter>
    </ClCompile>
    <ClCompile Include="gui.win\SettingPageRules.cpp">
      <Filter>Gui</Filter>
    </ClCompile>
    <ClCompile Include="gui.win\SettingPageRules2.cpp">
      <Filter>Gui</Filter>
    </ClCompile>
    <ClCompile Include="gui.win\SettingPageDeflood.cpp">
      <Filter>Gui</Filter>
    </ClCompile>
    <ClCompile Include="gui.win\SettingPageDeflood2.cpp">
      <Filter>Gui</Filter>
    </ClCompile>
    <ClCompile Include="gui.win\SettingPageDeflood3.cpp">
      <Filter>Gui</Filter>
    </ClCompile>
    <ClCompile Include="core\ExceptionHandling.cpp">
      <Filter>Core</Filter>
    </ClCompile>
    <ClCompile Include="gui.win\AboutDialog.cpp">
      <Filter>Gui</Filter>
    </ClCompile>
    <ClCompile Include="gui.win\MainWindowPage.cpp">
      <Filter>Gui</Filter>
    </ClCompile>
    <ClCompile Include="gui.win\MainWindowPageStats.cpp">
      <Filter>Gui</Filter>
    </ClCompile>
    <ClCompile Include="gui.win\MainWindowPageUsersChat.cpp">
      <Filter>Gui</Filter>
    </ClCompile>
    <ClCompile Include="gui.win\MainWindowPageScripts.cpp">
      <Filter>Gui</Filter>
    </ClCompile>
    <ClCompile Include="gui.win\GuiUtil.cpp">
      <Filter>Gui</Filter>
    </ClCompile>
    <ClCompile Include="gui.win\ScriptEditorDialog.cpp">
      <Filter>Gui</Filter>
    </ClCompile>
    <ClCompile Include="gui.win\RegisteredUsersDialog.cpp">
      <Filter>Gui</Filter>
    </ClCompile>
    <ClCompile Include="gui.win\RegisteredUserDialog.cpp">
      <Filter>Gui</Filter>
    </ClCompile>
    <ClCompile Include="gui.win\ProfilesDialog.cpp">
      <Filter>Gui</Filter>
    </ClCompile>
    <ClCompile Include="gui.win\BansDialog.cpp">
      <Filter>Gui</Filter>
    </ClCompile>
    <ClCompile Include="gui.win\BanDialog.cpp">
      <Filter>Gui</Filter>
    </ClCompile>
    <ClCompile Include="gui.win\RangeBansDialog.cpp">
      <Filter>Gui</Filter>
    </ClCompile>
    <ClCompile Include="gui.win\RangeBanDialog.cpp">
      <Filter>Gui</Filter>
    </ClCompile>
    <ClCompile Include="core\UpdateCheckThread.cpp">
      <Filter>Core</Filter>
    </ClCompile>
    <ClCompile Include="gui.win\UpdateDialog.cpp">
      <Filter>Gui</Filter>
    </ClCompile>
    <ClCompile Include="gui.win\BasicSplitter.cpp">
      <Filter>Gui</Filter>
    </ClCompile>
    <ClCompile Include="gui.win\GuiSettingManager.cpp">
      <Filter>Gui</Filter>
    </ClCompile>
    <ClCompile Include="core\PXBReader.cpp">
      <Filter>Core</Filter>
    </ClCompile>
    <ClCompile Include="core\DB-SQLite.cpp">
      <Filter>Core</Filter>
    </ClCompile>
    <ClCompile Include="core\TextConverter.cpp">
      <Filter>Core</Filter>
    </ClCompile>
    <ClCompile Include="core\HubCommands-AE.cpp">
      <Filter>Core</Filter>
    </ClCompile>
    <ClCompile Include="core\HubCommands-FH.cpp">
      <Filter>Core</Filter>
    </ClCompile>
    <ClCompile Include="core\HubCommands-IQ.cpp">
      <Filter>Core</Filter>
    </ClCompile>
    <ClCompile Include="core\HubCommands-RZ.cpp">
      <Filter>Core</Filter>
    </ClCompile>
  </ItemGroup>
  <ItemGroup>
    <ClInclude Include="core\eventqueue.h">
      <Filter>Core</Filter>
    </ClInclude>
    <ClInclude Include="core\colUsers.h">
      <Filter>Core</Filter>
    </ClInclude>
    <ClInclude Include="core\DcCommands.h">
      <Filter>Core</Filter>
    </ClInclude>
    <ClInclude Include="core\DeFlood.h">
      <Filter>Core</Filter>
    </ClInclude>
    <ClInclude Include="gui.win\LineDialog.h">
      <Filter>Gui</Filter>
    </ClInclude>
    <ClInclude Include="gui.win\MainWindow.h">
      <Filter>Gui</Filter>
    </ClInclude>
    <ClInclude Include="core\LuaUDPDbgLib.h">
      <Filter>Core</Filter>
    </ClInclude>
    <ClInclude Include="core\GlobalDataQueue.h">
      <Filter>Core</Filter>
    </ClInclude>
    <ClInclude Include="core\hashBanManager.h">
      <Filter>Core</Filter>
    </ClInclude>
    <ClInclude Include="core\hashRegManager.h">
      <Filter>Core</Filter>
    </ClInclude>
    <ClInclude Include="core\hashUsrManager.h">
      <Filter>Core</Filter>
    </ClInclude>
    <ClInclude Include="core\HubCommands.h">
      <Filter>Core</Filter>
    </ClInclude>
    <ClInclude Include="core\IP2Country.h">
      <Filter>Core</Filter>
    </ClInclude>
    <ClInclude Include="core\LanguageIds.h">
      <Filter>Core</Filter>
    </ClInclude>
    <ClInclude Include="core\LanguageManager.h">
      <Filter>Core</Filter>
    </ClInclude>
    <ClInclude Include="core\LanguageStrings.h">
      <Filter>Core</Filter>
    </ClInclude>
    <ClInclude Include="core\LanguageXml.h">
      <Filter>Core</Filter>
    </ClInclude>
    <ClInclude Include="core\LuaBanManLib.h">
      <Filter>Core</Filter>
    </ClInclude>
    <ClInclude Include="core\LuaCoreLib.h">
      <Filter>Core</Filter>
    </ClInclude>
    <ClInclude Include="core\LuaInc.h">
      <Filter>Core</Filter>
    </ClInclude>
    <ClInclude Include="core\LuaIP2CountryLib.h">
      <Filter>Core</Filter>
    </ClInclude>
    <ClInclude Include="core\LuaProfManLib.h">
      <Filter>Core</Filter>
    </ClInclude>
    <ClInclude Include="core\LuaRegManLib.h">
      <Filter>Core</Filter>
    </ClInclude>
    <ClInclude Include="core\LuaScript.h">
      <Filter>Core</Filter>
    </ClInclude>
    <ClInclude Include="core\LuaScriptManager.h">
      <Filter>Core</Filter>
    </ClInclude>
    <ClInclude Include="core\LuaScriptManLib.h">
      <Filter>Core</Filter>
    </ClInclude>
    <ClInclude Include="core\LuaSetManLib.h">
      <Filter>Core</Filter>
    </ClInclude>
    <ClInclude Include="core\LuaTmrManLib.h">
      <Filter>Core</Filter>
    </ClInclude>
    <ClInclude Include="gui.win\Resources.h">
      <Filter>Gui</Filter>
    </ClInclude>
    <ClInclude Include="gui.win\SettingDialog.h">
      <Filter>Gui</Filter>
    </ClInclude>
    <ClInclude Include="gui.win\SettingPageMOTD.h">
      <Filter>Gui</Filter>
    </ClInclude>
    <ClInclude Include="gui.win\SettingPage.h">
      <Filter>Gui</Filter>
    </ClInclude>
    <ClInclude Include="gui.win\SettingPageBans.h">
      <Filter>Gui</Filter>
    </ClInclude>
    <ClInclude Include="gui.win\SettingPageBots.h">
      <Filter>Gui</Filter>
    </ClInclude>
    <ClInclude Include="gui.win\SettingPageGeneral.h">
      <Filter>Gui</Filter>
    </ClInclude>
    <ClInclude Include="gui.win\SettingPageGeneral2.h">
      <Filter>Gui</Filter>
    </ClInclude>
    <ClInclude Include="core\ZlibUtility.h">
      <Filter>Core</Filter>
    </ClInclude>
    <ClInclude Include="core\ProfileManager.h">
      <Filter>Core</Filter>
    </ClInclude>
    <ClInclude Include="core\pxstring.h">
      <Filter>Core</Filter>
    </ClInclude>
    <ClInclude Include="core\RegThread.h">
      <Filter>Core</Filter>
    </ClInclude>
    <ClInclude Include="core\ResNickManager.h">
      <Filter>Core</Filter>
    </ClInclude>
    <ClInclude Include="core\ServerManager.h">
      <Filter>Core</Filter>
    </ClInclude>
    <ClInclude Include="core\ServerThread.h">
      <Filter>Core</Filter>
    </ClInclude>
    <ClInclude Include="core\serviceLoop.h">
      <Filter>Core</Filter>
    </ClInclude>
    <ClInclude Include="core\SettingDefaults.h">
      <Filter>Core</Filter>
    </ClInclude>
    <ClInclude Include="core\SettingIds.h">
      <Filter>Core</Filter>
    </ClInclude>
    <ClInclude Include="core\SettingManager.h">
      <Filter>Core</Filter>
    </ClInclude>
    <ClInclude Include="core\SettingStr.h">
      <Filter>Core</Filter>
    </ClInclude>
    <ClInclude Include="core\stdinc.h">
      <Filter>Core</Filter>
    </ClInclude>
    <ClInclude Include="core\TextFileManager.h">
      <Filter>Core</Filter>
    </ClInclude>
    <ClInclude Include="core\UdpDebug.h">
      <Filter>Core</Filter>
    </ClInclude>
    <ClInclude Include="core\UDPThread.h">
      <Filter>Core</Filter>
    </ClInclude>
    <ClInclude Include="core\User.h">
      <Filter>Core</Filter>
    </ClInclude>
    <ClInclude Include="core\utility.h">
      <Filter>Core</Filter>
    </ClInclude>
    <ClInclude Include="gui.win\SettingPageAdvanced.h">
      <Filter>Gui</Filter>
    </ClInclude>
    <ClInclude Include="gui.win\SettingPageMyINFO.h">
      <Filter>Gui</Filter>
    </ClInclude>
    <ClInclude Include="gui.win\SettingPageRules.h">
      <Filter>Gui</Filter>
    </ClInclude>
    <ClInclude Include="gui.win\SettingPageRules2.h">
      <Filter>Gui</Filter>
    </ClInclude>
    <ClInclude Include="gui.win\SettingPageDeflood.h">
      <Filter>Gui</Filter>
    </ClInclude>
    <ClInclude Include="gui.win\SettingPageDeflood2.h">
      <Filter>Gui</Filter>
    </ClInclude>
    <ClInclude Include="gui.win\SettingPageDeflood3.h">
      <Filter>Gui</Filter>
    </ClInclude>
    <ClInclude Include="core\ExceptionHandling.h">
      <Filter>Core</Filter>
    </ClInclude>
    <ClInclude Include="gui.win\AboutDialog.h">
      <Filter>Gui</Filter>
    </ClInclude>
    <ClInclude Include="gui.win\MainWindowPageStats.h">
      <Filter>Gui</Filter>
    </ClInclude>
    <ClInclude Include="gui.win\MainWindowPage.h">
      <Filter>Gui</Filter>
    </ClInclude>
    <ClInclude Include="gui.win\MainWindowPageUsersChat.h">
      <Filter>Gui</Filter>
    </ClInclude>
    <ClInclude Include="gui.win\MainWindowPageScripts.h">
      <Filter>Gui</Filter>
    </ClInclude>
    <ClInclude Include="gui.win\GuiUtil.h">
      <Filter>Gui</Filter>
    </ClInclude>
    <ClInclude Include="gui.win\ScriptEditorDialog.h">
      <Filter>Gui</Filter>
    </ClInclude>
    <ClInclude Include="gui.win\RegisteredUsersDialog.h">
      <Filter>Gui</Filter>
    </ClInclude>
    <ClInclude Include="gui.win\RegisteredUserDialog.h">
      <Filter>Gui</Filter>
    </ClInclude>
    <ClInclude Include="gui.win\ProfilesDialog.h">
      <Filter>Gui</Filter>
    </ClInclude>
    <ClInclude Include="gui.win\BansDialog.h">
      <Filter>Gui</Filter>
    </ClInclude>
    <ClInclude Include="gui.win\BanDialog.h">
      <Filter>Gui</Filter>
    </ClInclude>
    <ClInclude Include="gui.win\RangeBansDialog.h">
      <Filter>Gui</Filter>
    </ClInclude>
    <ClInclude Include="gui.win\RangeBanDialog.h">
      <Filter>Gui</Filter>
    </ClInclude>
    <ClInclude Include="core\UpdateCheckThread.h">
      <Filter>Core</Filter>
    </ClInclude>
    <ClInclude Include="gui.win\UpdateDialog.h">
      <Filter>Gui</Filter>
    </ClInclude>
    <ClInclude Include="gui.win\BasicSplitter.h">
      <Filter>Gui</Filter>
    </ClInclude>
    <ClInclude Include="gui.win\GuiSettingDefaults.h">
      <Filter>Gui</Filter>
    </ClInclude>
    <ClInclude Include="gui.win\GuiSettingStr.h">
      <Filter>Gui</Filter>
    </ClInclude>
    <ClInclude Include="gui.win\GuiSettingIds.h">
      <Filter>Gui</Filter>
    </ClInclude>
    <ClInclude Include="gui.win\GuiSettingManager.h">
      <Filter>Gui</Filter>
    </ClInclude>
    <ClInclude Include="core\PXBReader.h">
      <Filter>Core</Filter>
    </ClInclude>
    <ClInclude Include="core\DB-SQLite.h">
      <Filter>Core</Filter>
    </ClInclude>
    <ClInclude Include="core\TextConverter.h">
      <Filter>Core</Filter>
    </ClInclude>
    <ClInclude Include="core\SettingCom.h">
      <Filter>Core</Filter>
    </ClInclude>
  </ItemGroup>
  <ItemGroup>
    <None Include="ico\Spider16M-32x32.ico">
      <Filter>Resources</Filter>
    </None>
    <None Include="ico\Spider256-16x16.ico">
      <Filter>Resources</Filter>
    </None>
    <None Include="ico\Spider-64x64x32.ico">
      <Filter>Resources</Filter>
    </None>
    <None Include="ico\Lua-64x64x32.ico">
      <Filter>Resources</Filter>
    </None>
  </ItemGroup>
  <ItemGroup>
    <Filter Include="Core">
      <UniqueIdentifier>{5d9389cb-f451-405a-ad69-0b91271260be}</UniqueIdentifier>
    </Filter>
    <Filter Include="Gui">
      <UniqueIdentifier>{91861867-d670-40d2-abe7-975ff8897ab7}</UniqueIdentifier>
    </Filter>
    <Filter Include="Resources">
      <UniqueIdentifier>{7f6e8427-46f5-4dd5-9fa0-6caa1032d0b1}</UniqueIdentifier>
    </Filter>
  </ItemGroup>
  <ItemGroup>
    <Manifest Include="core\PtokaX.Manifest">
      <Filter>Resources</Filter>
    </Manifest>
  </ItemGroup>
  <ItemGroup>
    <ResourceCompile Include="gui.win\PtokaX.rc">
      <Filter>Resources</Filter>
    </ResourceCompile>
  </ItemGroup>
</Project>